// !$*UTF8*$!
{
	archiveVersion = 1;
	classes = {
	};
	objectVersion = 51;
	objects = {

/* Begin PBXBuildFile section */
		2046CABB402215D1A230A19A /* Pods_CoreDataDemo.framework in Frameworks */ = {isa = PBXBuildFile; fileRef = C3FE6E6759FDBA925F298EB0 /* Pods_CoreDataDemo.framework */; };
		A0F8A277255CFCAB002F4395 /* AppDelegate.swift in Sources */ = {isa = PBXBuildFile; fileRef = A0F8A276255CFCAB002F4395 /* AppDelegate.swift */; };
		A0F8A279255CFCAB002F4395 /* SceneDelegate.swift in Sources */ = {isa = PBXBuildFile; fileRef = A0F8A278255CFCAB002F4395 /* SceneDelegate.swift */; };
		A0F8A27B255CFCAB002F4395 /* ViewController.swift in Sources */ = {isa = PBXBuildFile; fileRef = A0F8A27A255CFCAB002F4395 /* ViewController.swift */; };
		A0F8A27E255CFCAB002F4395 /* Main.storyboard in Resources */ = {isa = PBXBuildFile; fileRef = A0F8A27C255CFCAB002F4395 /* Main.storyboard */; };
		A0F8A281255CFCAB002F4395 /* CoreDataDemo.xcdatamodeld in Sources */ = {isa = PBXBuildFile; fileRef = A0F8A27F255CFCAB002F4395 /* CoreDataDemo.xcdatamodeld */; };
		A0F8A283255CFCAE002F4395 /* Assets.xcassets in Resources */ = {isa = PBXBuildFile; fileRef = A0F8A282255CFCAE002F4395 /* Assets.xcassets */; };
		A0F8A286255CFCAE002F4395 /* LaunchScreen.storyboard in Resources */ = {isa = PBXBuildFile; fileRef = A0F8A284255CFCAE002F4395 /* LaunchScreen.storyboard */; };
		A0F8A2AA255D003A002F4395 /* SchoolTest+CoreDataClass.swift in Sources */ = {isa = PBXBuildFile; fileRef = A0F8A2A8255D003A002F4395 /* SchoolTest+CoreDataClass.swift */; };
		A0F8A2BF2563ED06002F4395 /* CoreDataBase.swift in Sources */ = {isa = PBXBuildFile; fileRef = A0F8A2BE2563ED06002F4395 /* CoreDataBase.swift */; };
/* End PBXBuildFile section */

/* Begin PBXFileReference section */
		544F2329237F53DC5E149F94 /* Pods-CoreDataDemo.release.xcconfig */ = {isa = PBXFileReference; includeInIndex = 1; lastKnownFileType = text.xcconfig; name = "Pods-CoreDataDemo.release.xcconfig"; path = "Target Support Files/Pods-CoreDataDemo/Pods-CoreDataDemo.release.xcconfig"; sourceTree = "<group>"; };
		9482643BE9332071ECA670C0 /* Pods-CoreDataDemo.debug.xcconfig */ = {isa = PBXFileReference; includeInIndex = 1; lastKnownFileType = text.xcconfig; name = "Pods-CoreDataDemo.debug.xcconfig"; path = "Target Support Files/Pods-CoreDataDemo/Pods-CoreDataDemo.debug.xcconfig"; sourceTree = "<group>"; };
		A0F8A273255CFCAB002F4395 /* CoreDataDemo.app */ = {isa = PBXFileReference; explicitFileType = wrapper.application; includeInIndex = 0; path = CoreDataDemo.app; sourceTree = BUILT_PRODUCTS_DIR; };
		A0F8A276255CFCAB002F4395 /* AppDelegate.swift */ = {isa = PBXFileReference; lastKnownFileType = sourcecode.swift; path = AppDelegate.swift; sourceTree = "<group>"; };
		A0F8A278255CFCAB002F4395 /* SceneDelegate.swift */ = {isa = PBXFileReference; lastKnownFileType = sourcecode.swift; path = SceneDelegate.swift; sourceTree = "<group>"; };
		A0F8A27A255CFCAB002F4395 /* ViewController.swift */ = {isa = PBXFileReference; lastKnownFileType = sourcecode.swift; path = ViewController.swift; sourceTree = "<group>"; };
		A0F8A27D255CFCAB002F4395 /* Base */ = {isa = PBXFileReference; lastKnownFileType = file.storyboard; name = Base; path = Base.lproj/Main.storyboard; sourceTree = "<group>"; };
		A0F8A280255CFCAB002F4395 /* CoreDataDemo.xcdatamodel */ = {isa = PBXFileReference; lastKnownFileType = wrapper.xcdatamodel; path = CoreDataDemo.xcdatamodel; sourceTree = "<group>"; };
		A0F8A282255CFCAE002F4395 /* Assets.xcassets */ = {isa = PBXFileReference; lastKnownFileType = folder.assetcatalog; path = Assets.xcassets; sourceTree = "<group>"; };
		A0F8A285255CFCAE002F4395 /* Base */ = {isa = PBXFileReference; lastKnownFileType = file.storyboard; name = Base; path = Base.lproj/LaunchScreen.storyboard; sourceTree = "<group>"; };
		A0F8A287255CFCAE002F4395 /* Info.plist */ = {isa = PBXFileReference; lastKnownFileType = text.plist.xml; path = Info.plist; sourceTree = "<group>"; };
		A0F8A2A8255D003A002F4395 /* SchoolTest+CoreDataClass.swift */ = {isa = PBXFileReference; lastKnownFileType = sourcecode.swift; path = "SchoolTest+CoreDataClass.swift"; sourceTree = "<group>"; };
		A0F8A2BE2563ED06002F4395 /* CoreDataBase.swift */ = {isa = PBXFileReference; lastKnownFileType = sourcecode.swift; path = CoreDataBase.swift; sourceTree = "<group>"; };
		C3FE6E6759FDBA925F298EB0 /* Pods_CoreDataDemo.framework */ = {isa = PBXFileReference; explicitFileType = wrapper.framework; includeInIndex = 0; path = Pods_CoreDataDemo.framework; sourceTree = BUILT_PRODUCTS_DIR; };
/* End PBXFileReference section */

/* Begin PBXFrameworksBuildPhase section */
		A0F8A270255CFCAB002F4395 /* Frameworks */ = {
			isa = PBXFrameworksBuildPhase;
			buildActionMask = 2147483647;
			files = (
				2046CABB402215D1A230A19A /* Pods_CoreDataDemo.framework in Frameworks */,
			);
			runOnlyForDeploymentPostprocessing = 0;
		};
/* End PBXFrameworksBuildPhase section */

/* Begin PBXGroup section */
		545C35EEABC5765623F3BB85 /* Frameworks */ = {
			isa = PBXGroup;
			children = (
				C3FE6E6759FDBA925F298EB0 /* Pods_CoreDataDemo.framework */,
			);
			name = Frameworks;
			sourceTree = "<group>";
		};
		A0F8A26A255CFCAB002F4395 = {
			isa = PBXGroup;
			children = (
				A0F8A2A8255D003A002F4395 /* SchoolTest+CoreDataClass.swift */,
				A0F8A275255CFCAB002F4395 /* CoreDataDemo */,
				A0F8A274255CFCAB002F4395 /* Products */,
				D48F9D7F7D6B47732C690A19 /* Pods */,
				545C35EEABC5765623F3BB85 /* Frameworks */,
			);
			sourceTree = "<group>";
		};
		A0F8A274255CFCAB002F4395 /* Products */ = {
			isa = PBXGroup;
			children = (
				A0F8A273255CFCAB002F4395 /* CoreDataDemo.app */,
			);
			name = Products;
			sourceTree = "<group>";
		};
		A0F8A275255CFCAB002F4395 /* CoreDataDemo */ = {
			isa = PBXGroup;
			children = (
				A0F8A2BD2563ECD7002F4395 /* Helper */,
				A0F8A276255CFCAB002F4395 /* AppDelegate.swift */,
				A0F8A278255CFCAB002F4395 /* SceneDelegate.swift */,
				A0F8A27A255CFCAB002F4395 /* ViewController.swift */,
				A0F8A27C255CFCAB002F4395 /* Main.storyboard */,
				A0F8A282255CFCAE002F4395 /* Assets.xcassets */,
				A0F8A284255CFCAE002F4395 /* LaunchScreen.storyboard */,
				A0F8A287255CFCAE002F4395 /* Info.plist */,
				A0F8A27F255CFCAB002F4395 /* CoreDataDemo.xcdatamodeld */,
			);
			path = CoreDataDemo;
			sourceTree = "<group>";
		};
		A0F8A2BD2563ECD7002F4395 /* Helper */ = {
			isa = PBXGroup;
			children = (
				A0F8A2BE2563ED06002F4395 /* CoreDataBase.swift */,
			);
			path = Helper;
			sourceTree = "<group>";
		};
		D48F9D7F7D6B47732C690A19 /* Pods */ = {
			isa = PBXGroup;
			children = (
				9482643BE9332071ECA670C0 /* Pods-CoreDataDemo.debug.xcconfig */,
				544F2329237F53DC5E149F94 /* Pods-CoreDataDemo.release.xcconfig */,
			);
			path = Pods;
			sourceTree = "<group>";
		};
/* End PBXGroup section */

/* Begin PBXNativeTarget section */
		A0F8A272255CFCAB002F4395 /* CoreDataDemo */ = {
			isa = PBXNativeTarget;
			buildConfigurationList = A0F8A28A255CFCAE002F4395 /* Build configuration list for PBXNativeTarget "CoreDataDemo" */;
			buildPhases = (
				FC9976CB6FF4879FEF999504 /* [CP] Check Pods Manifest.lock */,
				A0F8A26F255CFCAB002F4395 /* Sources */,
				A0F8A270255CFCAB002F4395 /* Frameworks */,
				A0F8A271255CFCAB002F4395 /* Resources */,
				821E02BF7B7646387A8B8B5D /* [CP] Embed Pods Frameworks */,
			);
			buildRules = (
			);
			dependencies = (
			);
			name = CoreDataDemo;
			productName = CoreDataDemo;
			productReference = A0F8A273255CFCAB002F4395 /* CoreDataDemo.app */;
			productType = "com.apple.product-type.application";
		};
/* End PBXNativeTarget section */

/* Begin PBXProject section */
		A0F8A26B255CFCAB002F4395 /* Project object */ = {
			isa = PBXProject;
			attributes = {
				LastSwiftUpdateCheck = 1200;
				LastUpgradeCheck = 1200;
				TargetAttributes = {
					A0F8A272255CFCAB002F4395 = {
						CreatedOnToolsVersion = 12.0.1;
					};
				};
			};
			buildConfigurationList = A0F8A26E255CFCAB002F4395 /* Build configuration list for PBXProject "CoreDataDemo" */;
			compatibilityVersion = "Xcode 9.3";
			developmentRegion = en;
			hasScannedForEncodings = 0;
			knownRegions = (
				en,
				Base,
			);
			mainGroup = A0F8A26A255CFCAB002F4395;
			productRefGroup = A0F8A274255CFCAB002F4395 /* Products */;
			projectDirPath = "";
			projectRoot = "";
			targets = (
				A0F8A272255CFCAB002F4395 /* CoreDataDemo */,
			);
		};
/* End PBXProject section */

/* Begin PBXResourcesBuildPhase section */
		A0F8A271255CFCAB002F4395 /* Resources */ = {
			isa = PBXResourcesBuildPhase;
			buildActionMask = 2147483647;
			files = (
				A0F8A286255CFCAE002F4395 /* LaunchScreen.storyboard in Resources */,
				A0F8A283255CFCAE002F4395 /* Assets.xcassets in Resources */,
				A0F8A27E255CFCAB002F4395 /* Main.storyboard in Resources */,
			);
			runOnlyForDeploymentPostprocessing = 0;
		};
/* End PBXResourcesBuildPhase section */

/* Begin PBXShellScriptBuildPhase section */
		821E02BF7B7646387A8B8B5D /* [CP] Embed Pods Frameworks */ = {
			isa = PBXShellScriptBuildPhase;
			buildActionMask = 2147483647;
			files = (
			);
			inputFileListPaths = (
				"${PODS_ROOT}/Target Support Files/Pods-CoreDataDemo/Pods-CoreDataDemo-frameworks-${CONFIGURATION}-input-files.xcfilelist",
			);
			name = "[CP] Embed Pods Frameworks";
			outputFileListPaths = (
				"${PODS_ROOT}/Target Support Files/Pods-CoreDataDemo/Pods-CoreDataDemo-frameworks-${CONFIGURATION}-output-files.xcfilelist",
			);
			runOnlyForDeploymentPostprocessing = 0;
			shellPath = /bin/sh;
			shellScript = "\"${PODS_ROOT}/Target Support Files/Pods-CoreDataDemo/Pods-CoreDataDemo-frameworks.sh\"\n";
			showEnvVarsInLog = 0;
		};
		FC9976CB6FF4879FEF999504 /* [CP] Check Pods Manifest.lock */ = {
			isa = PBXShellScriptBuildPhase;
			buildActionMask = 2147483647;
			files = (
			);
			inputFileListPaths = (
			);
			inputPaths = (
				"${PODS_PODFILE_DIR_PATH}/Podfile.lock",
				"${PODS_ROOT}/Manifest.lock",
			);
			name = "[CP] Check Pods Manifest.lock";
			outputFileListPaths = (
			);
			outputPaths = (
				"$(DERIVED_FILE_DIR)/Pods-CoreDataDemo-checkManifestLockResult.txt",
			);
			runOnlyForDeploymentPostprocessing = 0;
			shellPath = /bin/sh;
			shellScript = "diff \"${PODS_PODFILE_DIR_PATH}/Podfile.lock\" \"${PODS_ROOT}/Manifest.lock\" > /dev/null\nif [ $? != 0 ] ; then\n    # print error to STDERR\n    echo \"error: The sandbox is not in sync with the Podfile.lock. Run 'pod install' or update your CocoaPods installation.\" >&2\n    exit 1\nfi\n# This output is used by Xcode 'outputs' to avoid re-running this script phase.\necho \"SUCCESS\" > \"${SCRIPT_OUTPUT_FILE_0}\"\n";
			showEnvVarsInLog = 0;
		};
/* End PBXShellScriptBuildPhase section */

/* Begin PBXSourcesBuildPhase section */
		A0F8A26F255CFCAB002F4395 /* Sources */ = {
			isa = PBXSourcesBuildPhase;
			buildActionMask = 2147483647;
			files = (
				A0F8A27B255CFCAB002F4395 /* ViewController.swift in Sources */,
				A0F8A2AA255D003A002F4395 /* SchoolTest+CoreDataClass.swift in Sources */,
				A0F8A281255CFCAB002F4395 /* CoreDataDemo.xcdatamodeld in Sources */,
				A0F8A2BF2563ED06002F4395 /* CoreDataBase.swift in Sources */,
				A0F8A277255CFCAB002F4395 /* AppDelegate.swift in Sources */,
				A0F8A279255CFCAB002F4395 /* SceneDelegate.swift in Sources */,
			);
			runOnlyForDeploymentPostprocessing = 0;
		};
/* End PBXSourcesBuildPhase section */

/* Begin PBXVariantGroup section */
		A0F8A27C255CFCAB002F4395 /* Main.storyboard */ = {
			isa = PBXVariantGroup;
			children = (
				A0F8A27D255CFCAB002F4395 /* Base */,
			);
			name = Main.storyboard;
			sourceTree = "<group>";
		};
		A0F8A284255CFCAE002F4395 /* LaunchScreen.storyboard */ = {
			isa = PBXVariantGroup;
			children = (
				A0F8A285255CFCAE002F4395 /* Base */,
			);
			name = LaunchScreen.storyboard;
			sourceTree = "<group>";
		};
/* End PBXVariantGroup section */

/* Begin XCBuildConfiguration section */
		A0F8A288255CFCAE002F4395 /* Debug */ = {
			isa = XCBuildConfiguration;
			buildSettings = {
				ALWAYS_SEARCH_USER_PATHS = NO;
				CLANG_ANALYZER_NONNULL = YES;
				CLANG_ANALYZER_NUMBER_OBJECT_CONVERSION = YES_AGGRESSIVE;
				CLANG_CXX_LANGUAGE_STANDARD = "gnu++14";
				CLANG_CXX_LIBRARY = "libc++";
				CLANG_ENABLE_MODULES = YES;
				CLANG_ENABLE_OBJC_ARC = YES;
				CLANG_ENABLE_OBJC_WEAK = YES;
				CLANG_WARN_BLOCK_CAPTURE_AUTORELEASING = YES;
				CLANG_WARN_BOOL_CONVERSION = YES;
				CLANG_WARN_COMMA = YES;
				CLANG_WARN_CONSTANT_CONVERSION = YES;
				CLANG_WARN_DEPRECATED_OBJC_IMPLEMENTATIONS = YES;
				CLANG_WARN_DIRECT_OBJC_ISA_USAGE = YES_ERROR;
				CLANG_WARN_DOCUMENTATION_COMMENTS = YES;
				CLANG_WARN_EMPTY_BODY = YES;
				CLANG_WARN_ENUM_CONVERSION = YES;
				CLANG_WARN_INFINITE_RECURSION = YES;
				CLANG_WARN_INT_CONVERSION = YES;
				CLANG_WARN_NON_LITERAL_NULL_CONVERSION = YES;
				CLANG_WARN_OBJC_IMPLICIT_RETAIN_SELF = YES;
				CLANG_WARN_OBJC_LITERAL_CONVERSION = YES;
				CLANG_WARN_OBJC_ROOT_CLASS = YES_ERROR;
				CLANG_WARN_QUOTED_INCLUDE_IN_FRAMEWORK_HEADER = YES;
				CLANG_WARN_RANGE_LOOP_ANALYSIS = YES;
				CLANG_WARN_STRICT_PROTOTYPES = YES;
				CLANG_WARN_SUSPICIOUS_MOVE = YES;
				CLANG_WARN_UNGUARDED_AVAILABILITY = YES_AGGRESSIVE;
				CLANG_WARN_UNREACHABLE_CODE = YES;
				CLANG_WARN__DUPLICATE_METHOD_MATCH = YES;
				COPY_PHASE_STRIP = NO;
				DEBUG_INFORMATION_FORMAT = dwarf;
				ENABLE_STRICT_OBJC_MSGSEND = YES;
				ENABLE_TESTABILITY = YES;
				GCC_C_LANGUAGE_STANDARD = gnu11;
				GCC_DYNAMIC_NO_PIC = NO;
				GCC_NO_COMMON_BLOCKS = YES;
				GCC_OPTIMIZATION_LEVEL = 0;
				GCC_PREPROCESSOR_DEFINITIONS = (
					"DEBUG=1",
					"$(inherited)",
				);
				GCC_WARN_64_TO_32_BIT_CONVERSION = YES;
				GCC_WARN_ABOUT_RETURN_TYPE = YES_ERROR;
				GCC_WARN_UNDECLARED_SELECTOR = YES;
				GCC_WARN_UNINITIALIZED_AUTOS = YES_AGGRESSIVE;
				GCC_WARN_UNUSED_FUNCTION = YES;
				GCC_WARN_UNUSED_VARIABLE = YES;
				IPHONEOS_DEPLOYMENT_TARGET = 14.0;
				MTL_ENABLE_DEBUG_INFO = INCLUDE_SOURCE;
				MTL_FAST_MATH = YES;
				ONLY_ACTIVE_ARCH = YES;
				SDKROOT = iphoneos;
				SWIFT_ACTIVE_COMPILATION_CONDITIONS = DEBUG;
				SWIFT_OPTIMIZATION_LEVEL = "-Onone";
			};
			name = Debug;
		};
		A0F8A289255CFCAE002F4395 /* Release */ = {
			isa = XCBuildConfiguration;
			buildSettings = {
				ALWAYS_SEARCH_USER_PATHS = NO;
				CLANG_ANALYZER_NONNULL = YES;
				CLANG_ANALYZER_NUMBER_OBJECT_CONVERSION = YES_AGGRESSIVE;
				CLANG_CXX_LANGUAGE_STANDARD = "gnu++14";
				CLANG_CXX_LIBRARY = "libc++";
				CLANG_ENABLE_MODULES = YES;
				CLANG_ENABLE_OBJC_ARC = YES;
				CLANG_ENABLE_OBJC_WEAK = YES;
				CLANG_WARN_BLOCK_CAPTURE_AUTORELEASING = YES;
				CLANG_WARN_BOOL_CONVERSION = YES;
				CLANG_WARN_COMMA = YES;
				CLANG_WARN_CONSTANT_CONVERSION = YES;
				CLANG_WARN_DEPRECATED_OBJC_IMPLEMENTATIONS = YES;
				CLANG_WARN_DIRECT_OBJC_ISA_USAGE = YES_ERROR;
				CLANG_WARN_DOCUMENTATION_COMMENTS = YES;
				CLANG_WARN_EMPTY_BODY = YES;
				CLANG_WARN_ENUM_CONVERSION = YES;
				CLANG_WARN_INFINITE_RECURSION = YES;
				CLANG_WARN_INT_CONVERSION = YES;
				CLANG_WARN_NON_LITERAL_NULL_CONVERSION = YES;
				CLANG_WARN_OBJC_IMPLICIT_RETAIN_SELF = YES;
				CLANG_WARN_OBJC_LITERAL_CONVERSION = YES;
				CLANG_WARN_OBJC_ROOT_CLASS = YES_ERROR;
				CLANG_WARN_QUOTED_INCLUDE_IN_FRAMEWORK_HEADER = YES;
				CLANG_WARN_RANGE_LOOP_ANALYSIS = YES;
				CLANG_WARN_STRICT_PROTOTYPES = YES;
				CLANG_WARN_SUSPICIOUS_MOVE = YES;
				CLANG_WARN_UNGUARDED_AVAILABILITY = YES_AGGRESSIVE;
				CLANG_WARN_UNREACHABLE_CODE = YES;
				CLANG_WARN__DUPLICATE_METHOD_MATCH = YES;
				COPY_PHASE_STRIP = NO;
				DEBUG_INFORMATION_FORMAT = "dwarf-with-dsym";
				ENABLE_NS_ASSERTIONS = NO;
				ENABLE_STRICT_OBJC_MSGSEND = YES;
				GCC_C_LANGUAGE_STANDARD = gnu11;
				GCC_NO_COMMON_BLOCKS = YES;
				GCC_WARN_64_TO_32_BIT_CONVERSION = YES;
				GCC_WARN_ABOUT_RETURN_TYPE = YES_ERROR;
				GCC_WARN_UNDECLARED_SELECTOR = YES;
				GCC_WARN_UNINITIALIZED_AUTOS = YES_AGGRESSIVE;
				GCC_WARN_UNUSED_FUNCTION = YES;
				GCC_WARN_UNUSED_VARIABLE = YES;
				IPHONEOS_DEPLOYMENT_TARGET = 14.0;
				MTL_ENABLE_DEBUG_INFO = NO;
				MTL_FAST_MATH = YES;
				SDKROOT = iphoneos;
				SWIFT_COMPILATION_MODE = wholemodule;
				SWIFT_OPTIMIZATION_LEVEL = "-O";
				VALIDATE_PRODUCT = YES;
			};
			name = Release;
		};
		A0F8A28B255CFCAE002F4395 /* Debug */ = {
			isa = XCBuildConfiguration;
			baseConfigurationReference = 9482643BE9332071ECA670C0 /* Pods-CoreDataDemo.debug.xcconfig */;
			buildSettings = {
				ASSETCATALOG_COMPILER_APPICON_NAME = AppIcon;
				ASSETCATALOG_COMPILER_GLOBAL_ACCENT_COLOR_NAME = AccentColor;
				CODE_SIGN_STYLE = Automatic;
				INFOPLIST_FILE = CoreDataDemo/Info.plist;
				LD_RUNPATH_SEARCH_PATHS = (
					"$(inherited)",
					"@executable_path/Frameworks",
				);
				PRODUCT_BUNDLE_IDENTIFIER = com.particle41.CoreDataDemo;
				PRODUCT_NAME = "$(TARGET_NAME)";
				SWIFT_VERSION = 5.0;
				TARGETED_DEVICE_FAMILY = "1,2";
			};
			name = Debug;
		};
		A0F8A28C255CFCAE002F4395 /* Release */ = {
			isa = XCBuildConfiguration;
			baseConfigurationReference = 544F2329237F53DC5E149F94 /* Pods-CoreDataDemo.release.xcconfig */;
			buildSettings = {
				ASSETCATALOG_COMPILER_APPICON_NAME = AppIcon;
				ASSETCATALOG_COMPILER_GLOBAL_ACCENT_COLOR_NAME = AccentColor;
				CODE_SIGN_STYLE = Automatic;
				INFOPLIST_FILE = CoreDataDemo/Info.plist;
				LD_RUNPATH_SEARCH_PATHS = (
					"$(inherited)",
					"@executable_path/Frameworks",
				);
				PRODUCT_BUNDLE_IDENTIFIER = com.particle41.CoreDataDemo;
				PRODUCT_NAME = "$(TARGET_NAME)";
				SWIFT_VERSION = 5.0;
				TARGETED_DEVICE_FAMILY = "1,2";
			};
			name = Release;
		};
/* End XCBuildConfiguration section */

/* Begin XCConfigurationList section */
		A0F8A26E255CFCAB002F4395 /* Build configuration list for PBXProject "CoreDataDemo" */ = {
			isa = XCConfigurationList;
			buildConfigurations = (
				A0F8A288255CFCAE002F4395 /* Debug */,
				A0F8A289255CFCAE002F4395 /* Release */,
			);
			defaultConfigurationIsVisible = 0;
			defaultConfigurationName = Release;
		};
		A0F8A28A255CFCAE002F4395 /* Build configuration list for PBXNativeTarget "CoreDataDemo" */ = {
			isa = XCConfigurationList;
			buildConfigurations = (
				A0F8A28B255CFCAE002F4395 /* Debug */,
				A0F8A28C255CFCAE002F4395 /* Release */,
			);
			defaultConfigurationIsVisible = 0;
			defaultConfigurationName = Release;
		};
/* End XCConfigurationList section */

/* Begin XCVersionGroup section */
		A0F8A27F255CFCAB002F4395 /* CoreDataDemo.xcdatamodeld */ = {
			isa = XCVersionGroup;
			children = (
				A0F8A280255CFCAB002F4395 /* CoreDataDemo.xcdatamodel */,
			);
			currentVersion = A0F8A280255CFCAB002F4395 /* CoreDataDemo.xcdatamodel */;
			path = CoreDataDemo.xcdatamodeld;
			sourceTree = "<group>";
			versionGroupType = wrapper.xcdatamodel;
		};
/* End XCVersionGroup section */
	};
	rootObject = A0F8A26B255CFCAB002F4395 /* Project object */;
}
